{
  "lockfile_version": "1",
  "packages": {
    "git@latest": {
      "last_modified": "2025-10-07T08:41:47Z",
      "resolved": "github:NixOS/nixpkgs/bce5fe2bb998488d8e7e7856315f90496723793c#git",
      "source": "devbox-search",
      "version": "2.51.0",
      "systems": {
        "aarch64-darwin": {
          "outputs": [
            {
              "name": "out",
              "path": "/nix/store/pm302wxb0pkwi006sz9dviw30mkz5y00-git-2.51.0",
              "default": true
            },
            {
              "name": "doc",
              "path": "/nix/store/wmbsv0kbk7qcbq3d7j9ks0cq05729sgc-git-2.51.0-doc"
            }
          ],
          "store_path": "/nix/store/pm302wxb0pkwi006sz9dviw30mkz5y00-git-2.51.0"
        },
        "aarch64-linux": {
          "outputs": [
            {
              "name": "out",
              "path": "/nix/store/r69a5mdcc3kwnnc6xlq391aybikda4kn-git-2.51.0",
              "default": true
            },
            {
              "name": "debug",
              "path": "/nix/store/23rv1yi353k64ihdkby7nvb4q5zf4nr6-git-2.51.0-debug"
            },
            {
              "name": "doc",
              "path": "/nix/store/prqym8j8s50gbq85y1f0wfiaylrfqjf9-git-2.51.0-doc"
            }
          ],
          "store_path": "/nix/store/r69a5mdcc3kwnnc6xlq391aybikda4kn-git-2.51.0"
        },
        "x86_64-darwin": {
          "outputs": [
            {
              "name": "out",
              "path": "/nix/store/jllay36l7wbc5y76429n1n5sfdmy0frp-git-2.51.0",
              "default": true
            },
            {
              "name": "doc",
              "path": "/nix/store/gmjk0q6m10ld75d8z4hyfhc0izr5jkg0-git-2.51.0-doc"
            }
          ],
          "store_path": "/nix/store/jllay36l7wbc5y76429n1n5sfdmy0frp-git-2.51.0"
        },
        "x86_64-linux": {
          "outputs": [
            {
              "name": "out",
              "path": "/nix/store/0vbjxlqj8zp0pdjl2szvg17a98vqwyqj-git-2.51.0",
              "default": true
            },
            {
              "name": "debug",
              "path": "/nix/store/43p28p01lbl4l1xj4hicpckkdyfdvkr3-git-2.51.0-debug"
            },
            {
              "name": "doc",
              "path": "/nix/store/bjl8dr5jw9cqiy5l62k927nd04qpbgsc-git-2.51.0-doc"
            }
          ],
          "store_path": "/nix/store/0vbjxlqj8zp0pdjl2szvg17a98vqwyqj-git-2.51.0"
        }
      }
    },
    "github:NixOS/nixpkgs/nixpkgs-unstable": {
      "last_modified": "2025-10-02T15:02:55Z",
      "resolved": "github:NixOS/nixpkgs/dc704e6102e76aad573f63b74c742cd96f8f1e6c?lastModified=1759417375&narHash=sha256-O7eHcgkQXJNygY6AypkF9tFhsoDQjpNEojw3eFs73Ow%3D"
    },
    "go@latest": {
      "last_modified": "2025-10-07T08:41:47Z",
      "resolved": "github:NixOS/nixpkgs/bce5fe2bb998488d8e7e7856315f90496723793c#go",
      "source": "devbox-search",
      "version": "1.25.1",
      "systems": {
        "aarch64-darwin": {
          "outputs": [
            {
              "name": "out",
              "path": "/nix/store/mkdfnr1nkfj2kznxyag9pypbxp3wqqdv-go-1.25.1",
              "default": true
            }
          ],
          "store_path": "/nix/store/mkdfnr1nkfj2kznxyag9pypbxp3wqqdv-go-1.25.1"
        },
        "aarch64-linux": {
          "outputs": [
            {
              "name": "out",
              "path": "/nix/store/0jzj8p7k9wkr4l17sgrlg3z5di27sggf-go-1.25.1",
              "default": true
            }
          ],
          "store_path": "/nix/store/0jzj8p7k9wkr4l17sgrlg3z5di27sggf-go-1.25.1"
        },
        "x86_64-darwin": {
          "outputs": [
            {
              "name": "out",
              "path": "/nix/store/q2xylk8h3kbfajhw2lpdmyzyyqgqx8fl-go-1.25.1",
              "default": true
            }
          ],
          "store_path": "/nix/store/q2xylk8h3kbfajhw2lpdmyzyyqgqx8fl-go-1.25.1"
        },
        "x86_64-linux": {
          "outputs": [
            {
              "name": "out",
              "path": "/nix/store/f01qkydd3c2jqwi4w6hkddkf3blp16kw-go-1.25.1",
              "default": true
            }
          ],
          "store_path": "/nix/store/f01qkydd3c2jqwi4w6hkddkf3blp16kw-go-1.25.1"
        }
      }
    },
    "golangci-lint@latest": {
      "last_modified": "2025-10-07T08:41:47Z",
      "resolved": "github:NixOS/nixpkgs/bce5fe2bb998488d8e7e7856315f90496723793c#golangci-lint",
      "source": "devbox-search",
      "version": "2.5.0",
      "systems": {
        "aarch64-darwin": {
          "outputs": [
            {
              "name": "out",
              "path": "/nix/store/15bzlcc1h11sv9vwawrnfcw0avn3nhlw-golangci-lint-2.5.0",
              "default": true
            }
          ],
          "store_path": "/nix/store/15bzlcc1h11sv9vwawrnfcw0avn3nhlw-golangci-lint-2.5.0"
        },
        "aarch64-linux": {
          "outputs": [
            {
              "name": "out",
              "path": "/nix/store/60qpwfy5bac8lflw12kffxdhvvylsr4k-golangci-lint-2.5.0",
              "default": true
            }
          ],
          "store_path": "/nix/store/60qpwfy5bac8lflw12kffxdhvvylsr4k-golangci-lint-2.5.0"
        },
        "x86_64-darwin": {
          "outputs": [
            {
              "name": "out",
              "path": "/nix/store/laxn1i91p32i319i5ixslxz4bl451hvq-golangci-lint-2.5.0",
              "default": true
            }
          ],
          "store_path": "/nix/store/laxn1i91p32i319i5ixslxz4bl451hvq-golangci-lint-2.5.0"
        },
        "x86_64-linux": {
          "outputs": [
            {
              "name": "out",
              "path": "/nix/store/s95zr6py9ppj3hpm295mdzs40q59177p-golangci-lint-2.5.0",
              "default": true
            }
          ],
          "store_path": "/nix/store/s95zr6py9ppj3hpm295mdzs40q59177p-golangci-lint-2.5.0"
        }
      }
    },
    "just@latest": {
      "last_modified": "2025-10-07T08:41:47Z",
      "resolved": "github:NixOS/nixpkgs/bce5fe2bb998488d8e7e7856315f90496723793c#just",
      "source": "devbox-search",
      "version": "1.43.0",
      "systems": {
        "aarch64-darwin": {
          "outputs": [
            {
              "name": "out",
              "path": "/nix/store/cq81m3r8v2sjmdax4v2mpcjdmgcwdcka-just-1.43.0",
              "default": true
            },
            {
              "name": "man",
              "path": "/nix/store/8h3i79nanbzk4cw2ph5vbd02s7rmfl6h-just-1.43.0-man",
              "default": true
            },
            {
              "name": "doc",
              "path": "/nix/store/208sqi43f86rpr03zvmq1g59wfnmvxx2-just-1.43.0-doc"
            }
          ],
          "store_path": "/nix/store/cq81m3r8v2sjmdax4v2mpcjdmgcwdcka-just-1.43.0"
        },
        "aarch64-linux": {
          "outputs": [
            {
              "name": "out",
              "path": "/nix/store/xq8fp500w47rdcvnc0d7bczhsgqsy9k9-just-1.43.0",
              "default": true
            },
            {
              "name": "man",
              "path": "/nix/store/zv8h6xdf4nvjgvplk04475bzfnskbaja-just-1.43.0-man",
              "default": true
            },
            {
              "name": "doc",
              "path": "/nix/store/3adpmgzf1x1zakwd3hpv8i92yp10gpxi-just-1.43.0-doc"
            }
          ],
          "store_path": "/nix/store/xq8fp500w47rdcvnc0d7bczhsgqsy9k9-just-1.43.0"
        },
        "x86_64-darwin": {
          "outputs": [
            {
              "name": "out",
              "path": "/nix/store/g9kc7zf1xk4avxrr5kjcnsngnsc2zlif-just-1.43.0",
              "default": true
            },
            {
              "name": "man",
              "path": "/nix/store/41g8nmws2k08l8kp00lnyxj3hygfx9g4-just-1.43.0-man",
              "default": true
            },
            {
              "name": "doc",
              "path": "/nix/store/0lc1d4bqifc1zrzprgy4abmdlq7gc9m9-just-1.43.0-doc"
            }
          ],
          "store_path": "/nix/store/g9kc7zf1xk4avxrr5kjcnsngnsc2zlif-just-1.43.0"
        },
        "x86_64-linux": {
          "outputs": [
            {
              "name": "out",
              "path": "/nix/store/g8lpgqmha8v0vqypvrm5y2w09ydwdcwp-just-1.43.0",
              "default": true
            },
            {
              "name": "man",
              "path": "/nix/store/zj6zgaqa4jr27g13z92dfbm927mgigys-just-1.43.0-man",
              "default": true
            },
            {
              "name": "doc",
              "path": "/nix/store/x7bjdv16dj7pmqrgj0r9i5aiya1hvqcx-just-1.43.0-doc"
            }
          ],
          "store_path": "/nix/store/g8lpgqmha8v0vqypvrm5y2w09ydwdcwp-just-1.43.0"
        }
      }
    },
    "prek@latest": {
      "last_modified": "2025-10-08T01:30:28Z",
      "resolved": "github:NixOS/nixpkgs/8b5c9dd8856f0c0cf46cc91f2c21c106a9d42e25#prek",
      "source": "devbox-search",
      "version": "0.2.4",
      "systems": {
        "aarch64-darwin": {
          "outputs": [
            {
              "name": "out",
              "path": "/nix/store/m5iqgxd9k65722jvpgjhfmkf4j34nf0y-prek-0.2.4",
              "default": true
            }
          ],
          "store_path": "/nix/store/m5iqgxd9k65722jvpgjhfmkf4j34nf0y-prek-0.2.4"
        },
        "aarch64-linux": {
          "outputs": [
            {
              "name": "out",
              "path": "/nix/store/0wzn9xjs22mb923znlsvy62jhks23l3q-prek-0.2.4",
              "default": true
            }
          ],
          "store_path": "/nix/store/0wzn9xjs22mb923znlsvy62jhks23l3q-prek-0.2.4"
        },
        "x86_64-darwin": {
          "outputs": [
            {
              "name": "out",
              "path": "/nix/store/f231lcih7zwr7lc6npgsm7klsn9gjs04-prek-0.2.4",
              "default": true
            }
          ],
          "store_path": "/nix/store/f231lcih7zwr7lc6npgsm7klsn9gjs04-prek-0.2.4"
        },
        "x86_64-linux": {
          "outputs": [
            {
              "name": "out",
              "path": "/nix/store/p3s3wcppja26kb9j9bskb1lnhq08fayg-prek-0.2.4",
              "default": true
            }
          ],
          "store_path": "/nix/store/p3s3wcppja26kb9j9bskb1lnhq08fayg-prek-0.2.4"
        }
      }
    }
  }
}
